
Microsoft Visual Studio Solution File, Format Version 12.00
# Visual Studio Version 16
VisualStudioVersion = 16.0.33214.272
MinimumVisualStudioVersion = 10.0.40219.1
Project("{FAE04EC0-301F-11D3-BF4B-00C04F79EFBC}") = "examproject", "examproject\examproject.csproj", "{F1E09C0E-EB41-4AA9-9F92-CE98C006D54B}"
EndProject
Global
	GlobalSection(SolutionConfigurationPlatforms) = preSolution
		Debug|Any CPU = Debug|Any CPU
		Release|Any CPU = Release|Any CPU
	EndGlobalSection
	GlobalSection(ProjectConfigurationPlatforms) = postSolution
		{F1E09C0E-EB41-4AA9-9F92-CE98C006D54B}.Debug|Any CPU.ActiveCfg = Debug|Any CPU
		{F1E09C0E-EB41-4AA9-9F92-CE98C006D54B}.Debug|Any CPU.Build.0 = Debug|Any CPU
		{F1E09C0E-EB41-4AA9-9F92-CE98C006D54B}.Release|Any CPU.ActiveCfg = Release|Any CPU
		{F1E09C0E-EB41-4AA9-9F92-CE98C006D54B}.Release|Any CPU.Build.0 = Release|Any CPU
	EndGlobalSection
	GlobalSection(SolutionProperties) = preSolution
		HideSolutionNode = FALSE
	EndGlobalSection
	GlobalSection(ExtensibilityGlobals) = postSolution
		SolutionGuid = {059231F0-B5E2-4360-86E5-1A22AE597EA0}
	EndGlobalSection
EndGlobal
